
Microsoft Visual Studio Solution File, Format Version 12.00
# Visual Studio Version 16
VisualStudioVersion = 16.0.30804.86
MinimumVisualStudioVersion = 10.0.40219.1
Project("{2150E333-8FDC-42A3-9474-1A3956D46DE8}") = "src", "src", "{91273BBF-A222-4E7E-A48F-B319ECCE79C2}"
EndProject
Project("{2150E333-8FDC-42A3-9474-1A3956D46DE8}") = "Catalog", "Catalog", "{8FFB791C-FA6B-4554-8DAF-39EB576B562A}"
EndProject
Project("{9A19103F-16F7-4668-BE54-9A1E7A4F7556}") = "Catalog.API", "src\Catalog\Catalog.API\Catalog.API.csproj", "{F88756B4-5E2C-4FD9-8E16-04DF6EEDFE51}"
EndProject
Project("{E53339B2-1760-4266-BCC7-CA923CBCF16C}") = "docker-compose", "docker-compose.dcproj", "{D707BB38-5A87-4569-B7D6-21987959B45E}"
EndProject
Project("{2150E333-8FDC-42A3-9474-1A3956D46DE8}") = "Basket", "Basket", "{F31A341D-0327-4D8D-8E3E-0BFC5B223A50}"
EndProject
Project("{9A19103F-16F7-4668-BE54-9A1E7A4F7556}") = "Basket.API", "src\Basket\Basket.API\Basket.API.csproj", "{9FC22404-6304-4D85-9DF9-527E5DFD3FD4}"
EndProject
Project("{2150E333-8FDC-42A3-9474-1A3956D46DE8}") = "Common", "Common", "{C2CC3AB9-D2AA-416F-BB69-23C45EE4C733}"
EndProject
Project("{FAE04EC0-301F-11D3-BF4B-00C04F79EFBC}") = "EventBusRabbitMQ", "src\Common\EventBusRabbitMQ\EventBusRabbitMQ.csproj", "{C25B3F55-C66E-425B-9F1E-5F379B748482}"
EndProject
Global
	GlobalSection(SolutionConfigurationPlatforms) = preSolution
		Debug|Any CPU = Debug|Any CPU
		Release|Any CPU = Release|Any CPU
	EndGlobalSection
	GlobalSection(ProjectConfigurationPlatforms) = postSolution
		{F88756B4-5E2C-4FD9-8E16-04DF6EEDFE51}.Debug|Any CPU.ActiveCfg = Debug|Any CPU
		{F88756B4-5E2C-4FD9-8E16-04DF6EEDFE51}.Debug|Any CPU.Build.0 = Debug|Any CPU
		{F88756B4-5E2C-4FD9-8E16-04DF6EEDFE51}.Release|Any CPU.ActiveCfg = Release|Any CPU
		{F88756B4-5E2C-4FD9-8E16-04DF6EEDFE51}.Release|Any CPU.Build.0 = Release|Any CPU
		{D707BB38-5A87-4569-B7D6-21987959B45E}.Debug|Any CPU.ActiveCfg = Debug|Any CPU
		{D707BB38-5A87-4569-B7D6-21987959B45E}.Debug|Any CPU.Build.0 = Debug|Any CPU
		{D707BB38-5A87-4569-B7D6-21987959B45E}.Release|Any CPU.ActiveCfg = Release|Any CPU
		{D707BB38-5A87-4569-B7D6-21987959B45E}.Release|Any CPU.Build.0 = Release|Any CPU
		{9FC22404-6304-4D85-9DF9-527E5DFD3FD4}.Debug|Any CPU.ActiveCfg = Debug|Any CPU
		{9FC22404-6304-4D85-9DF9-527E5DFD3FD4}.Debug|Any CPU.Build.0 = Debug|Any CPU
		{9FC22404-6304-4D85-9DF9-527E5DFD3FD4}.Release|Any CPU.ActiveCfg = Release|Any CPU
		{9FC22404-6304-4D85-9DF9-527E5DFD3FD4}.Release|Any CPU.Build.0 = Release|Any CPU
		{C25B3F55-C66E-425B-9F1E-5F379B748482}.Debug|Any CPU.ActiveCfg = Debug|Any CPU
		{C25B3F55-C66E-425B-9F1E-5F379B748482}.Debug|Any CPU.Build.0 = Debug|Any CPU
		{C25B3F55-C66E-425B-9F1E-5F379B748482}.Release|Any CPU.ActiveCfg = Release|Any CPU
		{C25B3F55-C66E-425B-9F1E-5F379B748482}.Release|Any CPU.Build.0 = Release|Any CPU
	EndGlobalSection
	GlobalSection(SolutionProperties) = preSolution
		HideSolutionNode = FALSE
	EndGlobalSection
	GlobalSection(NestedProjects) = preSolution
		{8FFB791C-FA6B-4554-8DAF-39EB576B562A} = {91273BBF-A222-4E7E-A48F-B319ECCE79C2}
		{F88756B4-5E2C-4FD9-8E16-04DF6EEDFE51} = {8FFB791C-FA6B-4554-8DAF-39EB576B562A}
		{F31A341D-0327-4D8D-8E3E-0BFC5B223A50} = {91273BBF-A222-4E7E-A48F-B319ECCE79C2}
		{9FC22404-6304-4D85-9DF9-527E5DFD3FD4} = {F31A341D-0327-4D8D-8E3E-0BFC5B223A50}
		{C2CC3AB9-D2AA-416F-BB69-23C45EE4C733} = {91273BBF-A222-4E7E-A48F-B319ECCE79C2}
		{C25B3F55-C66E-425B-9F1E-5F379B748482} = {C2CC3AB9-D2AA-416F-BB69-23C45EE4C733}
	EndGlobalSection
	GlobalSection(ExtensibilityGlobals) = postSolution
		SolutionGuid = {F9E36BB2-0333-4555-84C5-B9FC88913F91}
	EndGlobalSection
EndGlobal
